
Microsoft Visual Studio Solution File, Format Version 12.00
# Visual Studio Version 16
VisualStudioVersion = 16.0.29709.97
MinimumVisualStudioVersion = 10.0.40219.1
Project("{FAE04EC0-301F-11D3-BF4B-00C04F79EFBC}") = "Bank", "Bank\Bank.csproj", "{863C882C-6FEF-4DDD-B101-FD337F6A1F77}"
EndProject
Global
	GlobalSection(SolutionConfigurationPlatforms) = preSolution
		Debug|Any CPU = Debug|Any CPU
		Release|Any CPU = Release|Any CPU
	EndGlobalSection
	GlobalSection(ProjectConfigurationPlatforms) = postSolution
		{863C882C-6FEF-4DDD-B101-FD337F6A1F77}.Debug|Any CPU.ActiveCfg = Debug|Any CPU
		{863C882C-6FEF-4DDD-B101-FD337F6A1F77}.Debug|Any CPU.Build.0 = Debug|Any CPU
		{863C882C-6FEF-4DDD-B101-FD337F6A1F77}.Release|Any CPU.ActiveCfg = Release|Any CPU
		{863C882C-6FEF-4DDD-B101-FD337F6A1F77}.Release|Any CPU.Build.0 = Release|Any CPU
	EndGlobalSection
	GlobalSection(SolutionProperties) = preSolution
		HideSolutionNode = FALSE
	EndGlobalSection
	GlobalSection(ExtensibilityGlobals) = postSolution
		SolutionGuid = {14276F18-25ED-4E24-B72E-C05F07F782C5}
	EndGlobalSection
EndGlobal
